{
  "version": 4,
  "terraform_version": "1.5.7",
  "serial": 260,
  "lineage": "b2465ac0-c1f2-0f1f-9dca-8935770928ea",
  "outputs": {},
  "resources": [
    {
      "mode": "managed",
      "type": "oci_identity_compartment",
      "name": "devops_portfolio",
      "provider": "provider[\"registry.terraform.io/oracle/oci\"]",
      "instances": [
        {
          "schema_version": 0,
          "attributes": {
            "compartment_id": "ocid1.tenancy.oc1..aaaaaaaaok7hh4euqj6eu6pioqfp4e2wdtksyjpjzg6xy7o2zh4dff6rrm5q",
            "defined_tags": {
              "Oracle-Tags.CreatedBy": "Terraform"
            },
            "description": "Compartment for OCI DevOps portfolio project",
            "enable_delete": true,
            "freeform_tags": {},
            "id": "ocid1.compartment.oc1..aaaaaaaagqlbt6ctdm3ik6hse7xx55q4iox7ufvumxazrqvap2upw7nvaema",
            "inactive_state": null,
            "is_accessible": true,
            "name": "DevOpsPortfolioCompartmentV4",
            "state": "ACTIVE",
            "time_created": "2025-03-27 10:45:22.798 +0000 UTC",
            "timeouts": null
          },
          "sensitive_attributes": [],
          "private": "eyJlMmJmYjczMC1lY2FhLTExZTYtOGY4OC0zNDM2M2JjN2M0YzAiOnsiZGVsZXRlIjo1NDAwMDAwMDAwMDAwfX0="
        }
      ]
    }
  ],
  "check_results": null
}
