{
  "version": 4,
  "terraform_version": "1.5.7",
  "serial": 53,
  "lineage": "b2465ac0-c1f2-0f1f-9dca-8935770928ea",
  "outputs": {
    "prod_dns_record": {
      "value": "prod.pauloazedo.us",
      "type": "string"
    },
    "prod_instance_display_name": {
      "value": "prod-instance",
      "type": "string"
    },
    "uat_dns_record": {
      "value": "uat.pauloazedo.us",
      "type": "string"
    },
    "uat_instance_display_name": {
      "value": "uat-instance",
      "type": "string"
    }
  },
  "resources": [
    {
      "mode": "data",
      "type": "oci_core_vnic",
      "name": "prod",
      "provider": "provider[\"registry.terraform.io/oracle/oci\"]",
      "instances": []
    },
    {
      "mode": "data",
      "type": "oci_core_vnic",
      "name": "uat",
      "provider": "provider[\"registry.terraform.io/oracle/oci\"]",
      "instances": []
    },
    {
      "mode": "data",
      "type": "oci_core_vnic_attachments",
      "name": "prod",
      "provider": "provider[\"registry.terraform.io/oracle/oci\"]",
      "instances": []
    },
    {
      "mode": "data",
      "type": "oci_core_vnic_attachments",
      "name": "uat",
      "provider": "provider[\"registry.terraform.io/oracle/oci\"]",
      "instances": []
    },
    {
      "mode": "data",
      "type": "oci_identity_availability_domains",
      "name": "ads",
      "provider": "provider[\"registry.terraform.io/oracle/oci\"]",
      "instances": [
        {
          "schema_version": 0,
          "attributes": {
            "availability_domains": [
              {
                "compartment_id": "ocid1.tenancy.oc1..aaaaaaaaok7hh4euqj6eu6pioqfp4e2wdtksyjpjzg6xy7o2zh4dff6rrm5q",
                "id": "ocid1.availabilitydomain.oc1..aaaaaaaauvt2n7pijol7uqgdnnsoojcukrijtmcltvfwxazmitk235wyohta",
                "name": "PFeQ:US-ASHBURN-AD-1"
              },
              {
                "compartment_id": "ocid1.tenancy.oc1..aaaaaaaaok7hh4euqj6eu6pioqfp4e2wdtksyjpjzg6xy7o2zh4dff6rrm5q",
                "id": "ocid1.availabilitydomain.oc1..aaaaaaaaztunlny6ae4yw2vghp5go2zceaonwp6wiioe3tnh2vlaxjjl2n3a",
                "name": "PFeQ:US-ASHBURN-AD-2"
              },
              {
                "compartment_id": "ocid1.tenancy.oc1..aaaaaaaaok7hh4euqj6eu6pioqfp4e2wdtksyjpjzg6xy7o2zh4dff6rrm5q",
                "id": "ocid1.availabilitydomain.oc1..aaaaaaaatrwxaogr7dl4yschqtrmqrdv6uzis3mgbnomiagqrfhcb7mxsfdq",
                "name": "PFeQ:US-ASHBURN-AD-3"
              }
            ],
            "compartment_id": "ocid1.tenancy.oc1..aaaaaaaaok7hh4euqj6eu6pioqfp4e2wdtksyjpjzg6xy7o2zh4dff6rrm5q",
            "filter": null,
            "id": "IdentityAvailabilityDomainsDataSource-4158333943"
          },
          "sensitive_attributes": []
        }
      ]
    },
    {
      "mode": "managed",
      "type": "cloudflare_dns_record",
      "name": "prod",
      "provider": "provider[\"registry.terraform.io/cloudflare/cloudflare\"]",
      "instances": []
    },
    {
      "mode": "managed",
      "type": "cloudflare_dns_record",
      "name": "uat",
      "provider": "provider[\"registry.terraform.io/cloudflare/cloudflare\"]",
      "instances": []
    },
    {
      "mode": "managed",
      "type": "oci_core_instance",
      "name": "prod",
      "provider": "provider[\"registry.terraform.io/oracle/oci\"]",
      "instances": []
    },
    {
      "mode": "managed",
      "type": "oci_core_instance",
      "name": "uat",
      "provider": "provider[\"registry.terraform.io/oracle/oci\"]",
      "instances": []
    },
    {
      "mode": "managed",
      "type": "oci_core_internet_gateway",
      "name": "igw",
      "provider": "provider[\"registry.terraform.io/oracle/oci\"]",
      "instances": []
    },
    {
      "mode": "managed",
      "type": "oci_core_network_security_group",
      "name": "nsg",
      "provider": "provider[\"registry.terraform.io/oracle/oci\"]",
      "instances": []
    },
    {
      "mode": "managed",
      "type": "oci_core_network_security_group_security_rule",
      "name": "allow_http",
      "provider": "provider[\"registry.terraform.io/oracle/oci\"]",
      "instances": []
    },
    {
      "mode": "managed",
      "type": "oci_core_network_security_group_security_rule",
      "name": "allow_https",
      "provider": "provider[\"registry.terraform.io/oracle/oci\"]",
      "instances": []
    },
    {
      "mode": "managed",
      "type": "oci_core_network_security_group_security_rule",
      "name": "allow_jenkins",
      "provider": "provider[\"registry.terraform.io/oracle/oci\"]",
      "instances": []
    },
    {
      "mode": "managed",
      "type": "oci_core_network_security_group_security_rule",
      "name": "allow_ssh",
      "provider": "provider[\"registry.terraform.io/oracle/oci\"]",
      "instances": []
    },
    {
      "mode": "managed",
      "type": "oci_core_route_table",
      "name": "rt",
      "provider": "provider[\"registry.terraform.io/oracle/oci\"]",
      "instances": []
    },
    {
      "mode": "managed",
      "type": "oci_core_subnet",
      "name": "prod_subnet",
      "provider": "provider[\"registry.terraform.io/oracle/oci\"]",
      "instances": []
    },
    {
      "mode": "managed",
      "type": "oci_core_subnet",
      "name": "uat_subnet",
      "provider": "provider[\"registry.terraform.io/oracle/oci\"]",
      "instances": []
    },
    {
      "mode": "managed",
      "type": "oci_core_virtual_network",
      "name": "vcn",
      "provider": "provider[\"registry.terraform.io/oracle/oci\"]",
      "instances": []
    },
    {
      "mode": "managed",
      "type": "oci_identity_compartment",
      "name": "devops_portfolio",
      "provider": "provider[\"registry.terraform.io/oracle/oci\"]",
      "instances": [
        {
          "schema_version": 0,
          "attributes": {
            "compartment_id": "ocid1.tenancy.oc1..aaaaaaaaok7hh4euqj6eu6pioqfp4e2wdtksyjpjzg6xy7o2zh4dff6rrm5q",
            "defined_tags": {
              "Oracle-Tags.CreatedBy": "Terraform"
            },
            "description": "Compartment for OCI DevOps portfolio project",
            "enable_delete": true,
            "freeform_tags": {},
            "id": "ocid1.compartment.oc1..aaaaaaaadf4sytve5vlv33vgolqq7zmc4dnurtgvrg25la3lbasjz6bhs4aa",
            "inactive_state": null,
            "is_accessible": true,
            "name": "DevOpsPortfolioCompartmentV2",
            "state": "DELETING",
            "time_created": "2025-03-26 07:48:28.816 +0000 UTC",
            "timeouts": null
          },
          "sensitive_attributes": [],
          "private": "eyJlMmJmYjczMC1lY2FhLTExZTYtOGY4OC0zNDM2M2JjN2M0YzAiOnsiZGVsZXRlIjo1NDAwMDAwMDAwMDAwfX0="
        }
      ]
    }
  ],
  "check_results": null
}
